// !$*UTF8*$!
{
	archiveVersion = 1;
	classes = {
	};
	objectVersion = 50;
	objects = {

/* Begin PBXBuildFile section */
		AA17184A20D7D7A5004C9A70 /* AppDelegate.swift in Sources */ = {isa = PBXBuildFile; fileRef = AA17184920D7D7A5004C9A70 /* AppDelegate.swift */; };
		AA17184C20D7D7A5004C9A70 /* ViewController.swift in Sources */ = {isa = PBXBuildFile; fileRef = AA17184B20D7D7A5004C9A70 /* ViewController.swift */; };
		AA17184F20D7D7A5004C9A70 /* Main.storyboard in Resources */ = {isa = PBXBuildFile; fileRef = AA17184D20D7D7A5004C9A70 /* Main.storyboard */; };
		AA17185120D7D7A7004C9A70 /* Assets.xcassets in Resources */ = {isa = PBXBuildFile; fileRef = AA17185020D7D7A7004C9A70 /* Assets.xcassets */; };
		AA17185420D7D7A7004C9A70 /* LaunchScreen.storyboard in Resources */ = {isa = PBXBuildFile; fileRef = AA17185220D7D7A7004C9A70 /* LaunchScreen.storyboard */; };
		AA17185F20D7D7A8004C9A70 /* Ecosystem_FeedTests.swift in Sources */ = {isa = PBXBuildFile; fileRef = AA17185E20D7D7A8004C9A70 /* Ecosystem_FeedTests.swift */; };
		AA17186A20D7D7A8004C9A70 /* Ecosystem_FeedUITests.swift in Sources */ = {isa = PBXBuildFile; fileRef = AA17186920D7D7A8004C9A70 /* Ecosystem_FeedUITests.swift */; };
/* End PBXBuildFile section */

/* Begin PBXContainerItemProxy section */
		AA17185B20D7D7A7004C9A70 /* PBXContainerItemProxy */ = {
			isa = PBXContainerItemProxy;
			containerPortal = AA17183E20D7D7A5004C9A70 /* Project object */;
			proxyType = 1;
			remoteGlobalIDString = AA17184520D7D7A5004C9A70;
			remoteInfo = "Ecosystem Feed";
		};
		AA17186620D7D7A8004C9A70 /* PBXContainerItemProxy */ = {
			isa = PBXContainerItemProxy;
			containerPortal = AA17183E20D7D7A5004C9A70 /* Project object */;
			proxyType = 1;
			remoteGlobalIDString = AA17184520D7D7A5004C9A70;
			remoteInfo = "Ecosystem Feed";
		};
/* End PBXContainerItemProxy section */

/* Begin PBXFileReference section */
		AA17184620D7D7A5004C9A70 /* Ecosystem Feed.app */ = {isa = PBXFileReference; explicitFileType = wrapper.application; includeInIndex = 0; path = "Ecosystem Feed.app"; sourceTree = BUILT_PRODUCTS_DIR; };
		AA17184920D7D7A5004C9A70 /* AppDelegate.swift */ = {isa = PBXFileReference; lastKnownFileType = sourcecode.swift; path = AppDelegate.swift; sourceTree = "<group>"; };
		AA17184B20D7D7A5004C9A70 /* ViewController.swift */ = {isa = PBXFileReference; lastKnownFileType = sourcecode.swift; path = ViewController.swift; sourceTree = "<group>"; };
		AA17184E20D7D7A5004C9A70 /* Base */ = {isa = PBXFileReference; lastKnownFileType = file.storyboard; name = Base; path = Base.lproj/Main.storyboard; sourceTree = "<group>"; };
		AA17185020D7D7A7004C9A70 /* Assets.xcassets */ = {isa = PBXFileReference; lastKnownFileType = folder.assetcatalog; path = Assets.xcassets; sourceTree = "<group>"; };
		AA17185320D7D7A7004C9A70 /* Base */ = {isa = PBXFileReference; lastKnownFileType = file.storyboard; name = Base; path = Base.lproj/LaunchScreen.storyboard; sourceTree = "<group>"; };
		AA17185520D7D7A7004C9A70 /* Info.plist */ = {isa = PBXFileReference; lastKnownFileType = text.plist.xml; path = Info.plist; sourceTree = "<group>"; };
		AA17185A20D7D7A7004C9A70 /* Ecosystem FeedTests.xctest */ = {isa = PBXFileReference; explicitFileType = wrapper.cfbundle; includeInIndex = 0; path = "Ecosystem FeedTests.xctest"; sourceTree = BUILT_PRODUCTS_DIR; };
		AA17185E20D7D7A8004C9A70 /* Ecosystem_FeedTests.swift */ = {isa = PBXFileReference; lastKnownFileType = sourcecode.swift; path = Ecosystem_FeedTests.swift; sourceTree = "<group>"; };
		AA17186020D7D7A8004C9A70 /* Info.plist */ = {isa = PBXFileReference; lastKnownFileType = text.plist.xml; path = Info.plist; sourceTree = "<group>"; };
		AA17186520D7D7A8004C9A70 /* Ecosystem FeedUITests.xctest */ = {isa = PBXFileReference; explicitFileType = wrapper.cfbundle; includeInIndex = 0; path = "Ecosystem FeedUITests.xctest"; sourceTree = BUILT_PRODUCTS_DIR; };
		AA17186920D7D7A8004C9A70 /* Ecosystem_FeedUITests.swift */ = {isa = PBXFileReference; lastKnownFileType = sourcecode.swift; path = Ecosystem_FeedUITests.swift; sourceTree = "<group>"; };
		AA17186B20D7D7A8004C9A70 /* Info.plist */ = {isa = PBXFileReference; lastKnownFileType = text.plist.xml; path = Info.plist; sourceTree = "<group>"; };
/* End PBXFileReference section */

/* Begin PBXFrameworksBuildPhase section */
		AA17184320D7D7A5004C9A70 /* Frameworks */ = {
			isa = PBXFrameworksBuildPhase;
			buildActionMask = 2147483647;
			files = (
			);
			runOnlyForDeploymentPostprocessing = 0;
		};
		AA17185720D7D7A7004C9A70 /* Frameworks */ = {
			isa = PBXFrameworksBuildPhase;
			buildActionMask = 2147483647;
			files = (
			);
			runOnlyForDeploymentPostprocessing = 0;
		};
		AA17186220D7D7A8004C9A70 /* Frameworks */ = {
			isa = PBXFrameworksBuildPhase;
			buildActionMask = 2147483647;
			files = (
			);
			runOnlyForDeploymentPostprocessing = 0;
		};
/* End PBXFrameworksBuildPhase section */

/* Begin PBXGroup section */
		AA17183D20D7D7A5004C9A70 = {
			isa = PBXGroup;
			children = (
				AA17184820D7D7A5004C9A70 /* Ecosystem Feed */,
				AA17185D20D7D7A7004C9A70 /* Ecosystem FeedTests */,
				AA17186820D7D7A8004C9A70 /* Ecosystem FeedUITests */,
				AA17184720D7D7A5004C9A70 /* Products */,
			);
			sourceTree = "<group>";
		};
		AA17184720D7D7A5004C9A70 /* Products */ = {
			isa = PBXGroup;
			children = (
				AA17184620D7D7A5004C9A70 /* Ecosystem Feed.app */,
				AA17185A20D7D7A7004C9A70 /* Ecosystem FeedTests.xctest */,
				AA17186520D7D7A8004C9A70 /* Ecosystem FeedUITests.xctest */,
			);
			name = Products;
			sourceTree = "<group>";
		};
		AA17184820D7D7A5004C9A70 /* Ecosystem Feed */ = {
			isa = PBXGroup;
			children = (
				AA17184920D7D7A5004C9A70 /* AppDelegate.swift */,
				AA17184B20D7D7A5004C9A70 /* ViewController.swift */,
				AA17184D20D7D7A5004C9A70 /* Main.storyboard */,
				AA17185020D7D7A7004C9A70 /* Assets.xcassets */,
				AA17185220D7D7A7004C9A70 /* LaunchScreen.storyboard */,
				AA17185520D7D7A7004C9A70 /* Info.plist */,
			);
			path = "Ecosystem Feed";
			sourceTree = "<group>";
		};
		AA17185D20D7D7A7004C9A70 /* Ecosystem FeedTests */ = {
			isa = PBXGroup;
			children = (
				AA17185E20D7D7A8004C9A70 /* Ecosystem_FeedTests.swift */,
				AA17186020D7D7A8004C9A70 /* Info.plist */,
			);
			path = "Ecosystem FeedTests";
			sourceTree = "<group>";
		};
		AA17186820D7D7A8004C9A70 /* Ecosystem FeedUITests */ = {
			isa = PBXGroup;
			children = (
				AA17186920D7D7A8004C9A70 /* Ecosystem_FeedUITests.swift */,
				AA17186B20D7D7A8004C9A70 /* Info.plist */,
			);
			path = "Ecosystem FeedUITests";
			sourceTree = "<group>";
		};
/* End PBXGroup section */

/* Begin PBXNativeTarget section */
		AA17184520D7D7A5004C9A70 /* Ecosystem Feed */ = {
			isa = PBXNativeTarget;
			buildConfigurationList = AA17186E20D7D7A8004C9A70 /* Build configuration list for PBXNativeTarget "Ecosystem Feed" */;
			buildPhases = (
				AA17184220D7D7A5004C9A70 /* Sources */,
				AA17184320D7D7A5004C9A70 /* Frameworks */,
				AA17184420D7D7A5004C9A70 /* Resources */,
			);
			buildRules = (
			);
			dependencies = (
			);
			name = "Ecosystem Feed";
			productName = "Ecosystem Feed";
			productReference = AA17184620D7D7A5004C9A70 /* Ecosystem Feed.app */;
			productType = "com.apple.product-type.application";
		};
		AA17185920D7D7A7004C9A70 /* Ecosystem FeedTests */ = {
			isa = PBXNativeTarget;
			buildConfigurationList = AA17187120D7D7A8004C9A70 /* Build configuration list for PBXNativeTarget "Ecosystem FeedTests" */;
			buildPhases = (
				AA17185620D7D7A7004C9A70 /* Sources */,
				AA17185720D7D7A7004C9A70 /* Frameworks */,
				AA17185820D7D7A7004C9A70 /* Resources */,
			);
			buildRules = (
			);
			dependencies = (
				AA17185C20D7D7A7004C9A70 /* PBXTargetDependency */,
			);
			name = "Ecosystem FeedTests";
			productName = "Ecosystem FeedTests";
			productReference = AA17185A20D7D7A7004C9A70 /* Ecosystem FeedTests.xctest */;
			productType = "com.apple.product-type.bundle.unit-test";
		};
		AA17186420D7D7A8004C9A70 /* Ecosystem FeedUITests */ = {
			isa = PBXNativeTarget;
			buildConfigurationList = AA17187420D7D7A8004C9A70 /* Build configuration list for PBXNativeTarget "Ecosystem FeedUITests" */;
			buildPhases = (
				AA17186120D7D7A8004C9A70 /* Sources */,
				AA17186220D7D7A8004C9A70 /* Frameworks */,
				AA17186320D7D7A8004C9A70 /* Resources */,
			);
			buildRules = (
			);
			dependencies = (
				AA17186720D7D7A8004C9A70 /* PBXTargetDependency */,
			);
			name = "Ecosystem FeedUITests";
			productName = "Ecosystem FeedUITests";
			productReference = AA17186520D7D7A8004C9A70 /* Ecosystem FeedUITests.xctest */;
			productType = "com.apple.product-type.bundle.ui-testing";
		};
/* End PBXNativeTarget section */

/* Begin PBXProject section */
		AA17183E20D7D7A5004C9A70 /* Project object */ = {
			isa = PBXProject;
			attributes = {
				LastSwiftUpdateCheck = 0940;
				LastUpgradeCheck = 0940;
				ORGANIZATIONNAME = "Ahmet Buğra Peşman";
				TargetAttributes = {
					AA17184520D7D7A5004C9A70 = {
						CreatedOnToolsVersion = 9.4;
					};
					AA17185920D7D7A7004C9A70 = {
						CreatedOnToolsVersion = 9.4;
						TestTargetID = AA17184520D7D7A5004C9A70;
					};
					AA17186420D7D7A8004C9A70 = {
						CreatedOnToolsVersion = 9.4;
						TestTargetID = AA17184520D7D7A5004C9A70;
					};
				};
			};
			buildConfigurationList = AA17184120D7D7A5004C9A70 /* Build configuration list for PBXProject "Ecosystem Feed" */;
			compatibilityVersion = "Xcode 9.3";
			developmentRegion = en;
			hasScannedForEncodings = 0;
			knownRegions = (
				en,
				Base,
			);
			mainGroup = AA17183D20D7D7A5004C9A70;
			productRefGroup = AA17184720D7D7A5004C9A70 /* Products */;
			projectDirPath = "";
			projectRoot = "";
			targets = (
				AA17184520D7D7A5004C9A70 /* Ecosystem Feed */,
				AA17185920D7D7A7004C9A70 /* Ecosystem FeedTests */,
				AA17186420D7D7A8004C9A70 /* Ecosystem FeedUITests */,
			);
		};
/* End PBXProject section */

/* Begin PBXResourcesBuildPhase section */
		AA17184420D7D7A5004C9A70 /* Resources */ = {
			isa = PBXResourcesBuildPhase;
			buildActionMask = 2147483647;
			files = (
				AA17185420D7D7A7004C9A70 /* LaunchScreen.storyboard in Resources */,
				AA17185120D7D7A7004C9A70 /* Assets.xcassets in Resources */,
				AA17184F20D7D7A5004C9A70 /* Main.storyboard in Resources */,
			);
			runOnlyForDeploymentPostprocessing = 0;
		};
		AA17185820D7D7A7004C9A70 /* Resources */ = {
			isa = PBXResourcesBuildPhase;
			buildActionMask = 2147483647;
			files = (
			);
			runOnlyForDeploymentPostprocessing = 0;
		};
		AA17186320D7D7A8004C9A70 /* Resources */ = {
			isa = PBXResourcesBuildPhase;
			buildActionMask = 2147483647;
			files = (
			);
			runOnlyForDeploymentPostprocessing = 0;
		};
/* End PBXResourcesBuildPhase section */

/* Begin PBXSourcesBuildPhase section */
		AA17184220D7D7A5004C9A70 /* Sources */ = {
			isa = PBXSourcesBuildPhase;
			buildActionMask = 2147483647;
			files = (
				AA17184C20D7D7A5004C9A70 /* ViewController.swift in Sources */,
				AA17184A20D7D7A5004C9A70 /* AppDelegate.swift in Sources */,
			);
			runOnlyForDeploymentPostprocessing = 0;
		};
		AA17185620D7D7A7004C9A70 /* Sources */ = {
			isa = PBXSourcesBuildPhase;
			buildActionMask = 2147483647;
			files = (
				AA17185F20D7D7A8004C9A70 /* Ecosystem_FeedTests.swift in Sources */,
			);
			runOnlyForDeploymentPostprocessing = 0;
		};
		AA17186120D7D7A8004C9A70 /* Sources */ = {
			isa = PBXSourcesBuildPhase;
			buildActionMask = 2147483647;
			files = (
				AA17186A20D7D7A8004C9A70 /* Ecosystem_FeedUITests.swift in Sources */,
			);
			runOnlyForDeploymentPostprocessing = 0;
		};
/* End PBXSourcesBuildPhase section */

/* Begin PBXTargetDependency section */
		AA17185C20D7D7A7004C9A70 /* PBXTargetDependency */ = {
			isa = PBXTargetDependency;
			target = AA17184520D7D7A5004C9A70 /* Ecosystem Feed */;
			targetProxy = AA17185B20D7D7A7004C9A70 /* PBXContainerItemProxy */;
		};
		AA17186720D7D7A8004C9A70 /* PBXTargetDependency */ = {
			isa = PBXTargetDependency;
			target = AA17184520D7D7A5004C9A70 /* Ecosystem Feed */;
			targetProxy = AA17186620D7D7A8004C9A70 /* PBXContainerItemProxy */;
		};
/* End PBXTargetDependency section */

/* Begin PBXVariantGroup section */
		AA17184D20D7D7A5004C9A70 /* Main.storyboard */ = {
			isa = PBXVariantGroup;
			children = (
				AA17184E20D7D7A5004C9A70 /* Base */,
			);
			name = Main.storyboard;
			sourceTree = "<group>";
		};
		AA17185220D7D7A7004C9A70 /* LaunchScreen.storyboard */ = {
			isa = PBXVariantGroup;
			children = (
				AA17185320D7D7A7004C9A70 /* Base */,
			);
			name = LaunchScreen.storyboard;
			sourceTree = "<group>";
		};
/* End PBXVariantGroup section */

/* Begin XCBuildConfiguration section */
		AA17186C20D7D7A8004C9A70 /* Debug */ = {
			isa = XCBuildConfiguration;
			buildSettings = {
				ALWAYS_SEARCH_USER_PATHS = NO;
				CLANG_ANALYZER_NONNULL = YES;
				CLANG_ANALYZER_NUMBER_OBJECT_CONVERSION = YES_AGGRESSIVE;
				CLANG_CXX_LANGUAGE_STANDARD = "gnu++14";
				CLANG_CXX_LIBRARY = "libc++";
				CLANG_ENABLE_MODULES = YES;
				CLANG_ENABLE_OBJC_ARC = YES;
				CLANG_ENABLE_OBJC_WEAK = YES;
				CLANG_WARN_BLOCK_CAPTURE_AUTORELEASING = YES;
				CLANG_WARN_BOOL_CONVERSION = YES;
				CLANG_WARN_COMMA = YES;
				CLANG_WARN_CONSTANT_CONVERSION = YES;
				CLANG_WARN_DEPRECATED_OBJC_IMPLEMENTATIONS = YES;
				CLANG_WARN_DIRECT_OBJC_ISA_USAGE = YES_ERROR;
				CLANG_WARN_DOCUMENTATION_COMMENTS = YES;
				CLANG_WARN_EMPTY_BODY = YES;
				CLANG_WARN_ENUM_CONVERSION = YES;
				CLANG_WARN_INFINITE_RECURSION = YES;
				CLANG_WARN_INT_CONVERSION = YES;
				CLANG_WARN_NON_LITERAL_NULL_CONVERSION = YES;
				CLANG_WARN_OBJC_IMPLICIT_RETAIN_SELF = YES;
				CLANG_WARN_OBJC_LITERAL_CONVERSION = YES;
				CLANG_WARN_OBJC_ROOT_CLASS = YES_ERROR;
				CLANG_WARN_RANGE_LOOP_ANALYSIS = YES;
				CLANG_WARN_STRICT_PROTOTYPES = YES;
				CLANG_WARN_SUSPICIOUS_MOVE = YES;
				CLANG_WARN_UNGUARDED_AVAILABILITY = YES_AGGRESSIVE;
				CLANG_WARN_UNREACHABLE_CODE = YES;
				CLANG_WARN__DUPLICATE_METHOD_MATCH = YES;
				CODE_SIGN_IDENTITY = "iPhone Developer";
				COPY_PHASE_STRIP = NO;
				DEBUG_INFORMATION_FORMAT = dwarf;
				ENABLE_STRICT_OBJC_MSGSEND = YES;
				ENABLE_TESTABILITY = YES;
				GCC_C_LANGUAGE_STANDARD = gnu11;
				GCC_DYNAMIC_NO_PIC = NO;
				GCC_NO_COMMON_BLOCKS = YES;
				GCC_OPTIMIZATION_LEVEL = 0;
				GCC_PREPROCESSOR_DEFINITIONS = (
					"DEBUG=1",
					"$(inherited)",
				);
				GCC_WARN_64_TO_32_BIT_CONVERSION = YES;
				GCC_WARN_ABOUT_RETURN_TYPE = YES_ERROR;
				GCC_WARN_UNDECLARED_SELECTOR = YES;
				GCC_WARN_UNINITIALIZED_AUTOS = YES_AGGRESSIVE;
				GCC_WARN_UNUSED_FUNCTION = YES;
				GCC_WARN_UNUSED_VARIABLE = YES;
				IPHONEOS_DEPLOYMENT_TARGET = 11.4;
				MTL_ENABLE_DEBUG_INFO = YES;
				ONLY_ACTIVE_ARCH = YES;
				SDKROOT = iphoneos;
				SWIFT_ACTIVE_COMPILATION_CONDITIONS = DEBUG;
				SWIFT_OPTIMIZATION_LEVEL = "-Onone";
			};
			name = Debug;
		};
		AA17186D20D7D7A8004C9A70 /* Release */ = {
			isa = XCBuildConfiguration;
			buildSettings = {
				ALWAYS_SEARCH_USER_PATHS = NO;
				CLANG_ANALYZER_NONNULL = YES;
				CLANG_ANALYZER_NUMBER_OBJECT_CONVERSION = YES_AGGRESSIVE;
				CLANG_CXX_LANGUAGE_STANDARD = "gnu++14";
				CLANG_CXX_LIBRARY = "libc++";
				CLANG_ENABLE_MODULES = YES;
				CLANG_ENABLE_OBJC_ARC = YES;
				CLANG_ENABLE_OBJC_WEAK = YES;
				CLANG_WARN_BLOCK_CAPTURE_AUTORELEASING = YES;
				CLANG_WARN_BOOL_CONVERSION = YES;
				CLANG_WARN_COMMA = YES;
				CLANG_WARN_CONSTANT_CONVERSION = YES;
				CLANG_WARN_DEPRECATED_OBJC_IMPLEMENTATIONS = YES;
				CLANG_WARN_DIRECT_OBJC_ISA_USAGE = YES_ERROR;
				CLANG_WARN_DOCUMENTATION_COMMENTS = YES;
				CLANG_WARN_EMPTY_BODY = YES;
				CLANG_WARN_ENUM_CONVERSION = YES;
				CLANG_WARN_INFINITE_RECURSION = YES;
				CLANG_WARN_INT_CONVERSION = YES;
				CLANG_WARN_NON_LITERAL_NULL_CONVERSION = YES;
				CLANG_WARN_OBJC_IMPLICIT_RETAIN_SELF = YES;
				CLANG_WARN_OBJC_LITERAL_CONVERSION = YES;
				CLANG_WARN_OBJC_ROOT_CLASS = YES_ERROR;
				CLANG_WARN_RANGE_LOOP_ANALYSIS = YES;
				CLANG_WARN_STRICT_PROTOTYPES = YES;
				CLANG_WARN_SUSPICIOUS_MOVE = YES;
				CLANG_WARN_UNGUARDED_AVAILABILITY = YES_AGGRESSIVE;
				CLANG_WARN_UNREACHABLE_CODE = YES;
				CLANG_WARN__DUPLICATE_METHOD_MATCH = YES;
				CODE_SIGN_IDENTITY = "iPhone Developer";
				COPY_PHASE_STRIP = NO;
				DEBUG_INFORMATION_FORMAT = "dwarf-with-dsym";
				ENABLE_NS_ASSERTIONS = NO;
				ENABLE_STRICT_OBJC_MSGSEND = YES;
				GCC_C_LANGUAGE_STANDARD = gnu11;
				GCC_NO_COMMON_BLOCKS = YES;
				GCC_WARN_64_TO_32_BIT_CONVERSION = YES;
				GCC_WARN_ABOUT_RETURN_TYPE = YES_ERROR;
				GCC_WARN_UNDECLARED_SELECTOR = YES;
				GCC_WARN_UNINITIALIZED_AUTOS = YES_AGGRESSIVE;
				GCC_WARN_UNUSED_FUNCTION = YES;
				GCC_WARN_UNUSED_VARIABLE = YES;
				IPHONEOS_DEPLOYMENT_TARGET = 11.4;
				MTL_ENABLE_DEBUG_INFO = NO;
				SDKROOT = iphoneos;
				SWIFT_COMPILATION_MODE = wholemodule;
				SWIFT_OPTIMIZATION_LEVEL = "-O";
				VALIDATE_PRODUCT = YES;
			};
			name = Release;
		};
		AA17186F20D7D7A8004C9A70 /* Debug */ = {
			isa = XCBuildConfiguration;
			buildSettings = {
				ASSETCATALOG_COMPILER_APPICON_NAME = AppIcon;
				CODE_SIGN_STYLE = Automatic;
				DEVELOPMENT_TEAM = DAWS2Q2QZR;
				INFOPLIST_FILE = "Ecosystem Feed/Info.plist";
				LD_RUNPATH_SEARCH_PATHS = (
					"$(inherited)",
					"@executable_path/Frameworks",
				);
				PRODUCT_BUNDLE_IDENTIFIER = "Ahmet-Bugra-Pesman.Ecosystem-Feed";
				PRODUCT_NAME = "$(TARGET_NAME)";
				SWIFT_VERSION = 4.0;
				TARGETED_DEVICE_FAMILY = "1,2";
			};
			name = Debug;
		};
		AA17187020D7D7A8004C9A70 /* Release */ = {
			isa = XCBuildConfiguration;
			buildSettings = {
				ASSETCATALOG_COMPILER_APPICON_NAME = AppIcon;
				CODE_SIGN_STYLE = Automatic;
				DEVELOPMENT_TEAM = DAWS2Q2QZR;
				INFOPLIST_FILE = "Ecosystem Feed/Info.plist";
				LD_RUNPATH_SEARCH_PATHS = (
					"$(inherited)",
					"@executable_path/Frameworks",
				);
				PRODUCT_BUNDLE_IDENTIFIER = "Ahmet-Bugra-Pesman.Ecosystem-Feed";
				PRODUCT_NAME = "$(TARGET_NAME)";
				SWIFT_VERSION = 4.0;
				TARGETED_DEVICE_FAMILY = "1,2";
			};
			name = Release;
		};
		AA17187220D7D7A8004C9A70 /* Debug */ = {
			isa = XCBuildConfiguration;
			buildSettings = {
				ALWAYS_EMBED_SWIFT_STANDARD_LIBRARIES = YES;
				BUNDLE_LOADER = "$(TEST_HOST)";
				CODE_SIGN_STYLE = Automatic;
				DEVELOPMENT_TEAM = DAWS2Q2QZR;
				INFOPLIST_FILE = "Ecosystem FeedTests/Info.plist";
				LD_RUNPATH_SEARCH_PATHS = (
					"$(inherited)",
					"@executable_path/Frameworks",
					"@loader_path/Frameworks",
				);
				PRODUCT_BUNDLE_IDENTIFIER = "Ahmet-Bugra-Pesman.Ecosystem-FeedTests";
				PRODUCT_NAME = "$(TARGET_NAME)";
				SWIFT_VERSION = 4.0;
				TARGETED_DEVICE_FAMILY = "1,2";
				TEST_HOST = "$(BUILT_PRODUCTS_DIR)/Ecosystem Feed.app/Ecosystem Feed";
			};
			name = Debug;
		};
		AA17187320D7D7A8004C9A70 /* Release */ = {
			isa = XCBuildConfiguration;
			buildSettings = {
				ALWAYS_EMBED_SWIFT_STANDARD_LIBRARIES = YES;
				BUNDLE_LOADER = "$(TEST_HOST)";
				CODE_SIGN_STYLE = Automatic;
				DEVELOPMENT_TEAM = DAWS2Q2QZR;
				INFOPLIST_FILE = "Ecosystem FeedTests/Info.plist";
				LD_RUNPATH_SEARCH_PATHS = (
					"$(inherited)",
					"@executable_path/Frameworks",
					"@loader_path/Frameworks",
				);
				PRODUCT_BUNDLE_IDENTIFIER = "Ahmet-Bugra-Pesman.Ecosystem-FeedTests";
				PRODUCT_NAME = "$(TARGET_NAME)";
				SWIFT_VERSION = 4.0;
				TARGETED_DEVICE_FAMILY = "1,2";
				TEST_HOST = "$(BUILT_PRODUCTS_DIR)/Ecosystem Feed.app/Ecosystem Feed";
			};
			name = Release;
		};
		AA17187520D7D7A8004C9A70 /* Debug */ = {
			isa = XCBuildConfiguration;
			buildSettings = {
				ALWAYS_EMBED_SWIFT_STANDARD_LIBRARIES = YES;
				CODE_SIGN_STYLE = Automatic;
				DEVELOPMENT_TEAM = DAWS2Q2QZR;
				INFOPLIST_FILE = "Ecosystem FeedUITests/Info.plist";
				LD_RUNPATH_SEARCH_PATHS = (
					"$(inherited)",
					"@executable_path/Frameworks",
					"@loader_path/Frameworks",
				);
				PRODUCT_BUNDLE_IDENTIFIER = "Ahmet-Bugra-Pesman.Ecosystem-FeedUITests";
				PRODUCT_NAME = "$(TARGET_NAME)";
				SWIFT_VERSION = 4.0;
				TARGETED_DEVICE_FAMILY = "1,2";
				TEST_TARGET_NAME = "Ecosystem Feed";
			};
			name = Debug;
		};
		AA17187620D7D7A8004C9A70 /* Release */ = {
			isa = XCBuildConfiguration;
			buildSettings = {
				ALWAYS_EMBED_SWIFT_STANDARD_LIBRARIES = YES;
				CODE_SIGN_STYLE = Automatic;
				DEVELOPMENT_TEAM = DAWS2Q2QZR;
				INFOPLIST_FILE = "Ecosystem FeedUITests/Info.plist";
				LD_RUNPATH_SEARCH_PATHS = (
					"$(inherited)",
					"@executable_path/Frameworks",
					"@loader_path/Frameworks",
				);
				PRODUCT_BUNDLE_IDENTIFIER = "Ahmet-Bugra-Pesman.Ecosystem-FeedUITests";
				PRODUCT_NAME = "$(TARGET_NAME)";
				SWIFT_VERSION = 4.0;
				TARGETED_DEVICE_FAMILY = "1,2";
				TEST_TARGET_NAME = "Ecosystem Feed";
			};
			name = Release;
		};
/* End XCBuildConfiguration section */

/* Begin XCConfigurationList section */
		AA17184120D7D7A5004C9A70 /* Build configuration list for PBXProject "Ecosystem Feed" */ = {
			isa = XCConfigurationList;
			buildConfigurations = (
				AA17186C20D7D7A8004C9A70 /* Debug */,
				AA17186D20D7D7A8004C9A70 /* Release */,
			);
			defaultConfigurationIsVisible = 0;
			defaultConfigurationName = Release;
		};
		AA17186E20D7D7A8004C9A70 /* Build configuration list for PBXNativeTarget "Ecosystem Feed" */ = {
			isa = XCConfigurationList;
			buildConfigurations = (
				AA17186F20D7D7A8004C9A70 /* Debug */,
				AA17187020D7D7A8004C9A70 /* Release */,
			);
			defaultConfigurationIsVisible = 0;
			defaultConfigurationName = Release;
		};
		AA17187120D7D7A8004C9A70 /* Build configuration list for PBXNativeTarget "Ecosystem FeedTests" */ = {
			isa = XCConfigurationList;
			buildConfigurations = (
				AA17187220D7D7A8004C9A70 /* Debug */,
				AA17187320D7D7A8004C9A70 /* Release */,
			);
			defaultConfigurationIsVisible = 0;
			defaultConfigurationName = Release;
		};
		AA17187420D7D7A8004C9A70 /* Build configuration list for PBXNativeTarget "Ecosystem FeedUITests" */ = {
			isa = XCConfigurationList;
			buildConfigurations = (
				AA17187520D7D7A8004C9A70 /* Debug */,
				AA17187620D7D7A8004C9A70 /* Release */,
			);
			defaultConfigurationIsVisible = 0;
			defaultConfigurationName = Release;
		};
/* End XCConfigurationList section */
	};
	rootObject = AA17183E20D7D7A5004C9A70 /* Project object */;
}
